// !$*UTF8*$!
{
	archiveVersion = 1;
	classes = {
	};
	objectVersion = 55;
	objects = {

/* Begin PBXBuildFile section */
		12369D432918F37800AFF0C5 /* IncomingPort.swift in Sources */ = {isa = PBXBuildFile; fileRef = 12369D422918F37800AFF0C5 /* IncomingPort.swift */; };
		12369D472918F78100AFF0C5 /* SecurityProtocolCases.swift in Sources */ = {isa = PBXBuildFile; fileRef = 12369D462918F78100AFF0C5 /* SecurityProtocolCases.swift */; };
		12369D492918F7EC00AFF0C5 /* OutgoingPort.swift in Sources */ = {isa = PBXBuildFile; fileRef = 12369D482918F7EC00AFF0C5 /* OutgoingPort.swift */; };
		12369D4F2918FCD900AFF0C5 /* SettingSmtpFirstView.swift in Sources */ = {isa = PBXBuildFile; fileRef = 12369D4E2918FCD900AFF0C5 /* SettingSmtpFirstView.swift */; };
		12369D512918FD0800AFF0C5 /* CustomTextField.swift in Sources */ = {isa = PBXBuildFile; fileRef = 12369D502918FD0800AFF0C5 /* CustomTextField.swift */; };
		12369D5729192B5100AFF0C5 /* SettingImapSecondView.swift in Sources */ = {isa = PBXBuildFile; fileRef = 12369D5629192B5100AFF0C5 /* SettingImapSecondView.swift */; };
		12369D5929192CD700AFF0C5 /* SettingsHeaderView.swift in Sources */ = {isa = PBXBuildFile; fileRef = 12369D5829192CD600AFF0C5 /* SettingsHeaderView.swift */; };
		12369D5B2919356200AFF0C5 /* MessageOfIncorrectnessView.swift in Sources */ = {isa = PBXBuildFile; fileRef = 12369D5A2919356200AFF0C5 /* MessageOfIncorrectnessView.swift */; };
		12369D5E291935B400AFF0C5 /* CustomButtonView.swift in Sources */ = {isa = PBXBuildFile; fileRef = 12369D5D291935B400AFF0C5 /* CustomButtonView.swift */; };
		12369D60291937B500AFF0C5 /* SettingSmtpSecondView.swift in Sources */ = {isa = PBXBuildFile; fileRef = 12369D5F291937B500AFF0C5 /* SettingSmtpSecondView.swift */; };
		12369D6229193F0F00AFF0C5 /* ExtensionToHideKeyboard.swift in Sources */ = {isa = PBXBuildFile; fileRef = 12369D6129193F0F00AFF0C5 /* ExtensionToHideKeyboard.swift */; };
		12369D6429193FFA00AFF0C5 /* BackgroundColorExtension.swift in Sources */ = {isa = PBXBuildFile; fileRef = 12369D6329193FFA00AFF0C5 /* BackgroundColorExtension.swift */; };
		12369D66291944CA00AFF0C5 /* ToggleView.swift in Sources */ = {isa = PBXBuildFile; fileRef = 12369D65291944CA00AFF0C5 /* ToggleView.swift */; };
		12369D68291967D800AFF0C5 /* UserData.swift in Sources */ = {isa = PBXBuildFile; fileRef = 12369D67291967D800AFF0C5 /* UserData.swift */; };
		12CC4F972917CD5200492D10 /* TestTaskMaxApp.swift in Sources */ = {isa = PBXBuildFile; fileRef = 12CC4F962917CD5200492D10 /* TestTaskMaxApp.swift */; };
		12CC4F992917CD5200492D10 /* ContentView.swift in Sources */ = {isa = PBXBuildFile; fileRef = 12CC4F982917CD5200492D10 /* ContentView.swift */; };
		12CC4F9B2917CD5400492D10 /* Assets.xcassets in Resources */ = {isa = PBXBuildFile; fileRef = 12CC4F9A2917CD5400492D10 /* Assets.xcassets */; };
		12CC4F9E2917CD5400492D10 /* Preview Assets.xcassets in Resources */ = {isa = PBXBuildFile; fileRef = 12CC4F9D2917CD5400492D10 /* Preview Assets.xcassets */; };
		12CC4FA82917CD5400492D10 /* TestTaskMaxTests.swift in Sources */ = {isa = PBXBuildFile; fileRef = 12CC4FA72917CD5400492D10 /* TestTaskMaxTests.swift */; };
		12CC4FB22917CD5400492D10 /* TestTaskMaxUITests.swift in Sources */ = {isa = PBXBuildFile; fileRef = 12CC4FB12917CD5400492D10 /* TestTaskMaxUITests.swift */; };
		12CC4FB42917CD5400492D10 /* TestTaskMaxUITestsLaunchTests.swift in Sources */ = {isa = PBXBuildFile; fileRef = 12CC4FB32917CD5400492D10 /* TestTaskMaxUITestsLaunchTests.swift */; };
		12CC4FC42917CEC100492D10 /* AccountAddingView.swift in Sources */ = {isa = PBXBuildFile; fileRef = 12CC4FC32917CEC000492D10 /* AccountAddingView.swift */; };
		12CC4FC62917CEE200492D10 /* LoginView.swift in Sources */ = {isa = PBXBuildFile; fileRef = 12CC4FC52917CEE200492D10 /* LoginView.swift */; };
		12CC4FC82917CF0200492D10 /* SettingImapFirstView.swift in Sources */ = {isa = PBXBuildFile; fileRef = 12CC4FC72917CF0200492D10 /* SettingImapFirstView.swift */; };
		12CC4FCA2917D2C000492D10 /* MailOption.swift in Sources */ = {isa = PBXBuildFile; fileRef = 12CC4FC92917D2C000492D10 /* MailOption.swift */; };
		12CC4FCD2917D40200492D10 /* PropotionalFrameExtension.swift in Sources */ = {isa = PBXBuildFile; fileRef = 12CC4FCC2917D40200492D10 /* PropotionalFrameExtension.swift */; };
		12CC4FD12917E85100492D10 /* MailOptionView.swift in Sources */ = {isa = PBXBuildFile; fileRef = 12CC4FD02917E85100492D10 /* MailOptionView.swift */; };
		12CC4FD52918107600492D10 /* UserDataViewModel.swift in Sources */ = {isa = PBXBuildFile; fileRef = 12CC4FD42918107600492D10 /* UserDataViewModel.swift */; };
		12CC4FD829183E3B00492D10 /* UserDataView.swift in Sources */ = {isa = PBXBuildFile; fileRef = 12CC4FD729183E3B00492D10 /* UserDataView.swift */; };
/* End PBXBuildFile section */

/* Begin PBXContainerItemProxy section */
		12CC4FA42917CD5400492D10 /* PBXContainerItemProxy */ = {
			isa = PBXContainerItemProxy;
			containerPortal = 12CC4F8B2917CD5200492D10 /* Project object */;
			proxyType = 1;
			remoteGlobalIDString = 12CC4F922917CD5200492D10;
			remoteInfo = TestTaskMax;
		};
		12CC4FAE2917CD5400492D10 /* PBXContainerItemProxy */ = {
			isa = PBXContainerItemProxy;
			containerPortal = 12CC4F8B2917CD5200492D10 /* Project object */;
			proxyType = 1;
			remoteGlobalIDString = 12CC4F922917CD5200492D10;
			remoteInfo = TestTaskMax;
		};
/* End PBXContainerItemProxy section */

/* Begin PBXFileReference section */
		12369D422918F37800AFF0C5 /* IncomingPort.swift */ = {isa = PBXFileReference; lastKnownFileType = sourcecode.swift; path = IncomingPort.swift; sourceTree = "<group>"; };
		12369D462918F78100AFF0C5 /* SecurityProtocolCases.swift */ = {isa = PBXFileReference; lastKnownFileType = sourcecode.swift; path = SecurityProtocolCases.swift; sourceTree = "<group>"; };
		12369D482918F7EC00AFF0C5 /* OutgoingPort.swift */ = {isa = PBXFileReference; lastKnownFileType = sourcecode.swift; path = OutgoingPort.swift; sourceTree = "<group>"; };
		12369D4E2918FCD900AFF0C5 /* SettingSmtpFirstView.swift */ = {isa = PBXFileReference; lastKnownFileType = sourcecode.swift; path = SettingSmtpFirstView.swift; sourceTree = "<group>"; };
		12369D502918FD0800AFF0C5 /* CustomTextField.swift */ = {isa = PBXFileReference; lastKnownFileType = sourcecode.swift; path = CustomTextField.swift; sourceTree = "<group>"; };
		12369D5629192B5100AFF0C5 /* SettingImapSecondView.swift */ = {isa = PBXFileReference; lastKnownFileType = sourcecode.swift; path = SettingImapSecondView.swift; sourceTree = "<group>"; };
		12369D5829192CD600AFF0C5 /* SettingsHeaderView.swift */ = {isa = PBXFileReference; lastKnownFileType = sourcecode.swift; path = SettingsHeaderView.swift; sourceTree = "<group>"; };
		12369D5A2919356200AFF0C5 /* MessageOfIncorrectnessView.swift */ = {isa = PBXFileReference; lastKnownFileType = sourcecode.swift; path = MessageOfIncorrectnessView.swift; sourceTree = "<group>"; };
		12369D5D291935B400AFF0C5 /* CustomButtonView.swift */ = {isa = PBXFileReference; lastKnownFileType = sourcecode.swift; path = CustomButtonView.swift; sourceTree = "<group>"; };
		12369D5F291937B500AFF0C5 /* SettingSmtpSecondView.swift */ = {isa = PBXFileReference; lastKnownFileType = sourcecode.swift; path = SettingSmtpSecondView.swift; sourceTree = "<group>"; };
		12369D6129193F0F00AFF0C5 /* ExtensionToHideKeyboard.swift */ = {isa = PBXFileReference; lastKnownFileType = sourcecode.swift; path = ExtensionToHideKeyboard.swift; sourceTree = "<group>"; };
		12369D6329193FFA00AFF0C5 /* BackgroundColorExtension.swift */ = {isa = PBXFileReference; lastKnownFileType = sourcecode.swift; path = BackgroundColorExtension.swift; sourceTree = "<group>"; };
		12369D65291944CA00AFF0C5 /* ToggleView.swift */ = {isa = PBXFileReference; lastKnownFileType = sourcecode.swift; path = ToggleView.swift; sourceTree = "<group>"; };
		12369D67291967D800AFF0C5 /* UserData.swift */ = {isa = PBXFileReference; lastKnownFileType = sourcecode.swift; path = UserData.swift; sourceTree = "<group>"; };
		12CC4F932917CD5200492D10 /* TestTaskMax.app */ = {isa = PBXFileReference; explicitFileType = wrapper.application; includeInIndex = 0; path = TestTaskMax.app; sourceTree = BUILT_PRODUCTS_DIR; };
		12CC4F962917CD5200492D10 /* TestTaskMaxApp.swift */ = {isa = PBXFileReference; lastKnownFileType = sourcecode.swift; path = TestTaskMaxApp.swift; sourceTree = "<group>"; };
		12CC4F982917CD5200492D10 /* ContentView.swift */ = {isa = PBXFileReference; lastKnownFileType = sourcecode.swift; path = ContentView.swift; sourceTree = "<group>"; };
		12CC4F9A2917CD5400492D10 /* Assets.xcassets */ = {isa = PBXFileReference; lastKnownFileType = folder.assetcatalog; path = Assets.xcassets; sourceTree = "<group>"; };
		12CC4F9D2917CD5400492D10 /* Preview Assets.xcassets */ = {isa = PBXFileReference; lastKnownFileType = folder.assetcatalog; path = "Preview Assets.xcassets"; sourceTree = "<group>"; };
		12CC4FA32917CD5400492D10 /* TestTaskMaxTests.xctest */ = {isa = PBXFileReference; explicitFileType = wrapper.cfbundle; includeInIndex = 0; path = TestTaskMaxTests.xctest; sourceTree = BUILT_PRODUCTS_DIR; };
		12CC4FA72917CD5400492D10 /* TestTaskMaxTests.swift */ = {isa = PBXFileReference; lastKnownFileType = sourcecode.swift; path = TestTaskMaxTests.swift; sourceTree = "<group>"; };
		12CC4FAD2917CD5400492D10 /* TestTaskMaxUITests.xctest */ = {isa = PBXFileReference; explicitFileType = wrapper.cfbundle; includeInIndex = 0; path = TestTaskMaxUITests.xctest; sourceTree = BUILT_PRODUCTS_DIR; };
		12CC4FB12917CD5400492D10 /* TestTaskMaxUITests.swift */ = {isa = PBXFileReference; lastKnownFileType = sourcecode.swift; path = TestTaskMaxUITests.swift; sourceTree = "<group>"; };
		12CC4FB32917CD5400492D10 /* TestTaskMaxUITestsLaunchTests.swift */ = {isa = PBXFileReference; lastKnownFileType = sourcecode.swift; path = TestTaskMaxUITestsLaunchTests.swift; sourceTree = "<group>"; };
		12CC4FC32917CEC000492D10 /* AccountAddingView.swift */ = {isa = PBXFileReference; lastKnownFileType = sourcecode.swift; path = AccountAddingView.swift; sourceTree = "<group>"; };
		12CC4FC52917CEE200492D10 /* LoginView.swift */ = {isa = PBXFileReference; lastKnownFileType = sourcecode.swift; path = LoginView.swift; sourceTree = "<group>"; };
		12CC4FC72917CF0200492D10 /* SettingImapFirstView.swift */ = {isa = PBXFileReference; lastKnownFileType = sourcecode.swift; path = SettingImapFirstView.swift; sourceTree = "<group>"; };
		12CC4FC92917D2C000492D10 /* MailOption.swift */ = {isa = PBXFileReference; lastKnownFileType = sourcecode.swift; path = MailOption.swift; sourceTree = "<group>"; };
		12CC4FCC2917D40200492D10 /* PropotionalFrameExtension.swift */ = {isa = PBXFileReference; lastKnownFileType = sourcecode.swift; path = PropotionalFrameExtension.swift; sourceTree = "<group>"; };
		12CC4FD02917E85100492D10 /* MailOptionView.swift */ = {isa = PBXFileReference; lastKnownFileType = sourcecode.swift; path = MailOptionView.swift; sourceTree = "<group>"; };
		12CC4FD42918107600492D10 /* UserDataViewModel.swift */ = {isa = PBXFileReference; lastKnownFileType = sourcecode.swift; path = UserDataViewModel.swift; sourceTree = "<group>"; };
		12CC4FD729183E3B00492D10 /* UserDataView.swift */ = {isa = PBXFileReference; lastKnownFileType = sourcecode.swift; path = UserDataView.swift; sourceTree = "<group>"; };
/* End PBXFileReference section */

/* Begin PBXFrameworksBuildPhase section */
		12CC4F902917CD5200492D10 /* Frameworks */ = {
			isa = PBXFrameworksBuildPhase;
			buildActionMask = 2147483647;
			files = (
			);
			runOnlyForDeploymentPostprocessing = 0;
		};
		12CC4FA02917CD5400492D10 /* Frameworks */ = {
			isa = PBXFrameworksBuildPhase;
			buildActionMask = 2147483647;
			files = (
			);
			runOnlyForDeploymentPostprocessing = 0;
		};
		12CC4FAA2917CD5400492D10 /* Frameworks */ = {
			isa = PBXFrameworksBuildPhase;
			buildActionMask = 2147483647;
			files = (
			);
			runOnlyForDeploymentPostprocessing = 0;
		};
/* End PBXFrameworksBuildPhase section */

/* Begin PBXGroup section */
		12369D4C2918F88E00AFF0C5 /* ConnectionSettings */ = {
			isa = PBXGroup;
			children = (
				12369D462918F78100AFF0C5 /* SecurityProtocolCases.swift */,
				12369D422918F37800AFF0C5 /* IncomingPort.swift */,
				12369D482918F7EC00AFF0C5 /* OutgoingPort.swift */,
			);
			path = ConnectionSettings;
			sourceTree = "<group>";
		};
		12369D4D2918FCAB00AFF0C5 /* ConnectionSettings */ = {
			isa = PBXGroup;
			children = (
				12369D65291944CA00AFF0C5 /* ToggleView.swift */,
				12369D5A2919356200AFF0C5 /* MessageOfIncorrectnessView.swift */,
				12369D5829192CD600AFF0C5 /* SettingsHeaderView.swift */,
				12369D5429192AE400AFF0C5 /* SettingIMAP */,
				12369D5529192B0200AFF0C5 /* SettingSMTP */,
			);
			path = ConnectionSettings;
			sourceTree = "<group>";
		};
		12369D5429192AE400AFF0C5 /* SettingIMAP */ = {
			isa = PBXGroup;
			children = (
				12CC4FC72917CF0200492D10 /* SettingImapFirstView.swift */,
				12369D5629192B5100AFF0C5 /* SettingImapSecondView.swift */,
			);
			path = SettingIMAP;
			sourceTree = "<group>";
		};
		12369D5529192B0200AFF0C5 /* SettingSMTP */ = {
			isa = PBXGroup;
			children = (
				12369D4E2918FCD900AFF0C5 /* SettingSmtpFirstView.swift */,
				12369D5F291937B500AFF0C5 /* SettingSmtpSecondView.swift */,
			);
			path = SettingSMTP;
			sourceTree = "<group>";
		};
		12CC4F8A2917CD5200492D10 = {
			isa = PBXGroup;
			children = (
				12CC4F952917CD5200492D10 /* TestTaskMax */,
				12CC4FA62917CD5400492D10 /* TestTaskMaxTests */,
				12CC4FB02917CD5400492D10 /* TestTaskMaxUITests */,
				12CC4F942917CD5200492D10 /* Products */,
			);
			sourceTree = "<group>";
		};
		12CC4F942917CD5200492D10 /* Products */ = {
			isa = PBXGroup;
			children = (
				12CC4F932917CD5200492D10 /* TestTaskMax.app */,
				12CC4FA32917CD5400492D10 /* TestTaskMaxTests.xctest */,
				12CC4FAD2917CD5400492D10 /* TestTaskMaxUITests.xctest */,
			);
			name = Products;
			sourceTree = "<group>";
		};
		12CC4F952917CD5200492D10 /* TestTaskMax */ = {
			isa = PBXGroup;
			children = (
				12CC4F962917CD5200492D10 /* TestTaskMaxApp.swift */,
				12CC4F982917CD5200492D10 /* ContentView.swift */,
				12CC4FCB2917D3E400492D10 /* Helpers */,
				12CC4FC22917CE2E00492D10 /* Model */,
				12CC4FC12917CE2200492D10 /* Views */,
				12CC4FC02917CE0D00492D10 /* ViewModel */,
				12CC4F9A2917CD5400492D10 /* Assets.xcassets */,
				12CC4F9C2917CD5400492D10 /* Preview Content */,
			);
			path = TestTaskMax;
			sourceTree = "<group>";
		};
		12CC4F9C2917CD5400492D10 /* Preview Content */ = {
			isa = PBXGroup;
			children = (
				12CC4F9D2917CD5400492D10 /* Preview Assets.xcassets */,
			);
			path = "Preview Content";
			sourceTree = "<group>";
		};
		12CC4FA62917CD5400492D10 /* TestTaskMaxTests */ = {
			isa = PBXGroup;
			children = (
				12CC4FA72917CD5400492D10 /* TestTaskMaxTests.swift */,
			);
			path = TestTaskMaxTests;
			sourceTree = "<group>";
		};
		12CC4FB02917CD5400492D10 /* TestTaskMaxUITests */ = {
			isa = PBXGroup;
			children = (
				12CC4FB12917CD5400492D10 /* TestTaskMaxUITests.swift */,
				12CC4FB32917CD5400492D10 /* TestTaskMaxUITestsLaunchTests.swift */,
			);
			path = TestTaskMaxUITests;
			sourceTree = "<group>";
		};
		12CC4FC02917CE0D00492D10 /* ViewModel */ = {
			isa = PBXGroup;
			children = (
				12CC4FD42918107600492D10 /* UserDataViewModel.swift */,
			);
			path = ViewModel;
			sourceTree = "<group>";
		};
		12CC4FC12917CE2200492D10 /* Views */ = {
			isa = PBXGroup;
			children = (
				12369D5D291935B400AFF0C5 /* CustomButtonView.swift */,
				12369D502918FD0800AFF0C5 /* CustomTextField.swift */,
				12CC4FCE2917E82200492D10 /* AccountAdding */,
				12CC4FD629183E1C00492D10 /* Login */,
				12369D4D2918FCAB00AFF0C5 /* ConnectionSettings */,
			);
			path = Views;
			sourceTree = "<group>";
		};
		12CC4FC22917CE2E00492D10 /* Model */ = {
			isa = PBXGroup;
			children = (
				12369D4C2918F88E00AFF0C5 /* ConnectionSettings */,
				12CC4FC92917D2C000492D10 /* MailOption.swift */,
				12369D67291967D800AFF0C5 /* UserData.swift */,
			);
			path = Model;
			sourceTree = "<group>";
		};
		12CC4FCB2917D3E400492D10 /* Helpers */ = {
			isa = PBXGroup;
			children = (
				12CC4FCC2917D40200492D10 /* PropotionalFrameExtension.swift */,
				12369D6129193F0F00AFF0C5 /* ExtensionToHideKeyboard.swift */,
				12369D6329193FFA00AFF0C5 /* BackgroundColorExtension.swift */,
			);
			path = Helpers;
			sourceTree = "<group>";
		};
		12CC4FCE2917E82200492D10 /* AccountAdding */ = {
			isa = PBXGroup;
			children = (
				12CC4FC32917CEC000492D10 /* AccountAddingView.swift */,
				12CC4FD02917E85100492D10 /* MailOptionView.swift */,
			);
			path = AccountAdding;
			sourceTree = "<group>";
		};
		12CC4FD629183E1C00492D10 /* Login */ = {
			isa = PBXGroup;
			children = (
				12CC4FC52917CEE200492D10 /* LoginView.swift */,
				12CC4FD729183E3B00492D10 /* UserDataView.swift */,
			);
			path = Login;
			sourceTree = "<group>";
		};
/* End PBXGroup section */

/* Begin PBXNativeTarget section */
		12CC4F922917CD5200492D10 /* TestTaskMax */ = {
			isa = PBXNativeTarget;
			buildConfigurationList = 12CC4FB72917CD5400492D10 /* Build configuration list for PBXNativeTarget "TestTaskMax" */;
			buildPhases = (
				12CC4F8F2917CD5200492D10 /* Sources */,
				12CC4F902917CD5200492D10 /* Frameworks */,
				12CC4F912917CD5200492D10 /* Resources */,
			);
			buildRules = (
			);
			dependencies = (
			);
			name = TestTaskMax;
			productName = TestTaskMax;
			productReference = 12CC4F932917CD5200492D10 /* TestTaskMax.app */;
			productType = "com.apple.product-type.application";
		};
		12CC4FA22917CD5400492D10 /* TestTaskMaxTests */ = {
			isa = PBXNativeTarget;
			buildConfigurationList = 12CC4FBA2917CD5400492D10 /* Build configuration list for PBXNativeTarget "TestTaskMaxTests" */;
			buildPhases = (
				12CC4F9F2917CD5400492D10 /* Sources */,
				12CC4FA02917CD5400492D10 /* Frameworks */,
				12CC4FA12917CD5400492D10 /* Resources */,
			);
			buildRules = (
			);
			dependencies = (
				12CC4FA52917CD5400492D10 /* PBXTargetDependency */,
			);
			name = TestTaskMaxTests;
			productName = TestTaskMaxTests;
			productReference = 12CC4FA32917CD5400492D10 /* TestTaskMaxTests.xctest */;
			productType = "com.apple.product-type.bundle.unit-test";
		};
		12CC4FAC2917CD5400492D10 /* TestTaskMaxUITests */ = {
			isa = PBXNativeTarget;
			buildConfigurationList = 12CC4FBD2917CD5400492D10 /* Build configuration list for PBXNativeTarget "TestTaskMaxUITests" */;
			buildPhases = (
				12CC4FA92917CD5400492D10 /* Sources */,
				12CC4FAA2917CD5400492D10 /* Frameworks */,
				12CC4FAB2917CD5400492D10 /* Resources */,
			);
			buildRules = (
			);
			dependencies = (
				12CC4FAF2917CD5400492D10 /* PBXTargetDependency */,
			);
			name = TestTaskMaxUITests;
			productName = TestTaskMaxUITests;
			productReference = 12CC4FAD2917CD5400492D10 /* TestTaskMaxUITests.xctest */;
			productType = "com.apple.product-type.bundle.ui-testing";
		};
/* End PBXNativeTarget section */

/* Begin PBXProject section */
		12CC4F8B2917CD5200492D10 /* Project object */ = {
			isa = PBXProject;
			attributes = {
				BuildIndependentTargetsInParallel = 1;
				LastSwiftUpdateCheck = 1310;
				LastUpgradeCheck = 1310;
				TargetAttributes = {
					12CC4F922917CD5200492D10 = {
						CreatedOnToolsVersion = 13.1;
					};
					12CC4FA22917CD5400492D10 = {
						CreatedOnToolsVersion = 13.1;
						TestTargetID = 12CC4F922917CD5200492D10;
					};
					12CC4FAC2917CD5400492D10 = {
						CreatedOnToolsVersion = 13.1;
						TestTargetID = 12CC4F922917CD5200492D10;
					};
				};
			};
			buildConfigurationList = 12CC4F8E2917CD5200492D10 /* Build configuration list for PBXProject "TestTaskMax" */;
			compatibilityVersion = "Xcode 13.0";
			developmentRegion = en;
			hasScannedForEncodings = 0;
			knownRegions = (
				en,
				Base,
			);
			mainGroup = 12CC4F8A2917CD5200492D10;
			productRefGroup = 12CC4F942917CD5200492D10 /* Products */;
			projectDirPath = "";
			projectRoot = "";
			targets = (
				12CC4F922917CD5200492D10 /* TestTaskMax */,
				12CC4FA22917CD5400492D10 /* TestTaskMaxTests */,
				12CC4FAC2917CD5400492D10 /* TestTaskMaxUITests */,
			);
		};
/* End PBXProject section */

/* Begin PBXResourcesBuildPhase section */
		12CC4F912917CD5200492D10 /* Resources */ = {
			isa = PBXResourcesBuildPhase;
			buildActionMask = 2147483647;
			files = (
				12CC4F9E2917CD5400492D10 /* Preview Assets.xcassets in Resources */,
				12CC4F9B2917CD5400492D10 /* Assets.xcassets in Resources */,
			);
			runOnlyForDeploymentPostprocessing = 0;
		};
		12CC4FA12917CD5400492D10 /* Resources */ = {
			isa = PBXResourcesBuildPhase;
			buildActionMask = 2147483647;
			files = (
			);
			runOnlyForDeploymentPostprocessing = 0;
		};
		12CC4FAB2917CD5400492D10 /* Resources */ = {
			isa = PBXResourcesBuildPhase;
			buildActionMask = 2147483647;
			files = (
			);
			runOnlyForDeploymentPostprocessing = 0;
		};
/* End PBXResourcesBuildPhase section */

/* Begin PBXSourcesBuildPhase section */
		12CC4F8F2917CD5200492D10 /* Sources */ = {
			isa = PBXSourcesBuildPhase;
			buildActionMask = 2147483647;
			files = (
				12369D66291944CA00AFF0C5 /* ToggleView.swift in Sources */,
				12CC4FCD2917D40200492D10 /* PropotionalFrameExtension.swift in Sources */,
				12CC4FD829183E3B00492D10 /* UserDataView.swift in Sources */,
				12369D5729192B5100AFF0C5 /* SettingImapSecondView.swift in Sources */,
				12369D60291937B500AFF0C5 /* SettingSmtpSecondView.swift in Sources */,
				12CC4FCA2917D2C000492D10 /* MailOption.swift in Sources */,
				12CC4F992917CD5200492D10 /* ContentView.swift in Sources */,
				12CC4FC82917CF0200492D10 /* SettingImapFirstView.swift in Sources */,
				12369D6229193F0F00AFF0C5 /* ExtensionToHideKeyboard.swift in Sources */,
				12369D5E291935B400AFF0C5 /* CustomButtonView.swift in Sources */,
				12369D6429193FFA00AFF0C5 /* BackgroundColorExtension.swift in Sources */,
				12CC4FC42917CEC100492D10 /* AccountAddingView.swift in Sources */,
				12369D492918F7EC00AFF0C5 /* OutgoingPort.swift in Sources */,
				12CC4FC62917CEE200492D10 /* LoginView.swift in Sources */,
				12369D4F2918FCD900AFF0C5 /* SettingSmtpFirstView.swift in Sources */,
				12369D432918F37800AFF0C5 /* IncomingPort.swift in Sources */,
				12369D472918F78100AFF0C5 /* SecurityProtocolCases.swift in Sources */,
				12CC4FD12917E85100492D10 /* MailOptionView.swift in Sources */,
				12369D68291967D800AFF0C5 /* UserData.swift in Sources */,
				12369D5929192CD700AFF0C5 /* SettingsHeaderView.swift in Sources */,
				12CC4F972917CD5200492D10 /* TestTaskMaxApp.swift in Sources */,
				12369D5B2919356200AFF0C5 /* MessageOfIncorrectnessView.swift in Sources */,
				12CC4FD52918107600492D10 /* UserDataViewModel.swift in Sources */,
				12369D512918FD0800AFF0C5 /* CustomTextField.swift in Sources */,
			);
			runOnlyForDeploymentPostprocessing = 0;
		};
		12CC4F9F2917CD5400492D10 /* Sources */ = {
			isa = PBXSourcesBuildPhase;
			buildActionMask = 2147483647;
			files = (
				12CC4FA82917CD5400492D10 /* TestTaskMaxTests.swift in Sources */,
			);
			runOnlyForDeploymentPostprocessing = 0;
		};
		12CC4FA92917CD5400492D10 /* Sources */ = {
			isa = PBXSourcesBuildPhase;
			buildActionMask = 2147483647;
			files = (
				12CC4FB42917CD5400492D10 /* TestTaskMaxUITestsLaunchTests.swift in Sources */,
				12CC4FB22917CD5400492D10 /* TestTaskMaxUITests.swift in Sources */,
			);
			runOnlyForDeploymentPostprocessing = 0;
		};
/* End PBXSourcesBuildPhase section */

/* Begin PBXTargetDependency section */
		12CC4FA52917CD5400492D10 /* PBXTargetDependency */ = {
			isa = PBXTargetDependency;
			target = 12CC4F922917CD5200492D10 /* TestTaskMax */;
			targetProxy = 12CC4FA42917CD5400492D10 /* PBXContainerItemProxy */;
		};
		12CC4FAF2917CD5400492D10 /* PBXTargetDependency */ = {
			isa = PBXTargetDependency;
			target = 12CC4F922917CD5200492D10 /* TestTaskMax */;
			targetProxy = 12CC4FAE2917CD5400492D10 /* PBXContainerItemProxy */;
		};
/* End PBXTargetDependency section */

/* Begin XCBuildConfiguration section */
		12CC4FB52917CD5400492D10 /* Debug */ = {
			isa = XCBuildConfiguration;
			buildSettings = {
				ALWAYS_SEARCH_USER_PATHS = NO;
				CLANG_ANALYZER_NONNULL = YES;
				CLANG_ANALYZER_NUMBER_OBJECT_CONVERSION = YES_AGGRESSIVE;
				CLANG_CXX_LANGUAGE_STANDARD = "gnu++17";
				CLANG_CXX_LIBRARY = "libc++";
				CLANG_ENABLE_MODULES = YES;
				CLANG_ENABLE_OBJC_ARC = YES;
				CLANG_ENABLE_OBJC_WEAK = YES;
				CLANG_WARN_BLOCK_CAPTURE_AUTORELEASING = YES;
				CLANG_WARN_BOOL_CONVERSION = YES;
				CLANG_WARN_COMMA = YES;
				CLANG_WARN_CONSTANT_CONVERSION = YES;
				CLANG_WARN_DEPRECATED_OBJC_IMPLEMENTATIONS = YES;
				CLANG_WARN_DIRECT_OBJC_ISA_USAGE = YES_ERROR;
				CLANG_WARN_DOCUMENTATION_COMMENTS = YES;
				CLANG_WARN_EMPTY_BODY = YES;
				CLANG_WARN_ENUM_CONVERSION = YES;
				CLANG_WARN_INFINITE_RECURSION = YES;
				CLANG_WARN_INT_CONVERSION = YES;
				CLANG_WARN_NON_LITERAL_NULL_CONVERSION = YES;
				CLANG_WARN_OBJC_IMPLICIT_RETAIN_SELF = YES;
				CLANG_WARN_OBJC_LITERAL_CONVERSION = YES;
				CLANG_WARN_OBJC_ROOT_CLASS = YES_ERROR;
				CLANG_WARN_QUOTED_INCLUDE_IN_FRAMEWORK_HEADER = YES;
				CLANG_WARN_RANGE_LOOP_ANALYSIS = YES;
				CLANG_WARN_STRICT_PROTOTYPES = YES;
				CLANG_WARN_SUSPICIOUS_MOVE = YES;
				CLANG_WARN_UNGUARDED_AVAILABILITY = YES_AGGRESSIVE;
				CLANG_WARN_UNREACHABLE_CODE = YES;
				CLANG_WARN__DUPLICATE_METHOD_MATCH = YES;
				COPY_PHASE_STRIP = NO;
				DEBUG_INFORMATION_FORMAT = dwarf;
				ENABLE_STRICT_OBJC_MSGSEND = YES;
				ENABLE_TESTABILITY = YES;
				GCC_C_LANGUAGE_STANDARD = gnu11;
				GCC_DYNAMIC_NO_PIC = NO;
				GCC_NO_COMMON_BLOCKS = YES;
				GCC_OPTIMIZATION_LEVEL = 0;
				GCC_PREPROCESSOR_DEFINITIONS = (
					"DEBUG=1",
					"$(inherited)",
				);
				GCC_WARN_64_TO_32_BIT_CONVERSION = YES;
				GCC_WARN_ABOUT_RETURN_TYPE = YES_ERROR;
				GCC_WARN_UNDECLARED_SELECTOR = YES;
				GCC_WARN_UNINITIALIZED_AUTOS = YES_AGGRESSIVE;
				GCC_WARN_UNUSED_FUNCTION = YES;
				GCC_WARN_UNUSED_VARIABLE = YES;
				IPHONEOS_DEPLOYMENT_TARGET = 15.0;
				MTL_ENABLE_DEBUG_INFO = INCLUDE_SOURCE;
				MTL_FAST_MATH = YES;
				ONLY_ACTIVE_ARCH = YES;
				SDKROOT = iphoneos;
				SWIFT_ACTIVE_COMPILATION_CONDITIONS = DEBUG;
				SWIFT_OPTIMIZATION_LEVEL = "-Onone";
			};
			name = Debug;
		};
		12CC4FB62917CD5400492D10 /* Release */ = {
			isa = XCBuildConfiguration;
			buildSettings = {
				ALWAYS_SEARCH_USER_PATHS = NO;
				CLANG_ANALYZER_NONNULL = YES;
				CLANG_ANALYZER_NUMBER_OBJECT_CONVERSION = YES_AGGRESSIVE;
				CLANG_CXX_LANGUAGE_STANDARD = "gnu++17";
				CLANG_CXX_LIBRARY = "libc++";
				CLANG_ENABLE_MODULES = YES;
				CLANG_ENABLE_OBJC_ARC = YES;
				CLANG_ENABLE_OBJC_WEAK = YES;
				CLANG_WARN_BLOCK_CAPTURE_AUTORELEASING = YES;
				CLANG_WARN_BOOL_CONVERSION = YES;
				CLANG_WARN_COMMA = YES;
				CLANG_WARN_CONSTANT_CONVERSION = YES;
				CLANG_WARN_DEPRECATED_OBJC_IMPLEMENTATIONS = YES;
				CLANG_WARN_DIRECT_OBJC_ISA_USAGE = YES_ERROR;
				CLANG_WARN_DOCUMENTATION_COMMENTS = YES;
				CLANG_WARN_EMPTY_BODY = YES;
				CLANG_WARN_ENUM_CONVERSION = YES;
				CLANG_WARN_INFINITE_RECURSION = YES;
				CLANG_WARN_INT_CONVERSION = YES;
				CLANG_WARN_NON_LITERAL_NULL_CONVERSION = YES;
				CLANG_WARN_OBJC_IMPLICIT_RETAIN_SELF = YES;
				CLANG_WARN_OBJC_LITERAL_CONVERSION = YES;
				CLANG_WARN_OBJC_ROOT_CLASS = YES_ERROR;
				CLANG_WARN_QUOTED_INCLUDE_IN_FRAMEWORK_HEADER = YES;
				CLANG_WARN_RANGE_LOOP_ANALYSIS = YES;
				CLANG_WARN_STRICT_PROTOTYPES = YES;
				CLANG_WARN_SUSPICIOUS_MOVE = YES;
				CLANG_WARN_UNGUARDED_AVAILABILITY = YES_AGGRESSIVE;
				CLANG_WARN_UNREACHABLE_CODE = YES;
				CLANG_WARN__DUPLICATE_METHOD_MATCH = YES;
				COPY_PHASE_STRIP = NO;
				DEBUG_INFORMATION_FORMAT = "dwarf-with-dsym";
				ENABLE_NS_ASSERTIONS = NO;
				ENABLE_STRICT_OBJC_MSGSEND = YES;
				GCC_C_LANGUAGE_STANDARD = gnu11;
				GCC_NO_COMMON_BLOCKS = YES;
				GCC_WARN_64_TO_32_BIT_CONVERSION = YES;
				GCC_WARN_ABOUT_RETURN_TYPE = YES_ERROR;
				GCC_WARN_UNDECLARED_SELECTOR = YES;
				GCC_WARN_UNINITIALIZED_AUTOS = YES_AGGRESSIVE;
				GCC_WARN_UNUSED_FUNCTION = YES;
				GCC_WARN_UNUSED_VARIABLE = YES;
				IPHONEOS_DEPLOYMENT_TARGET = 15.0;
				MTL_ENABLE_DEBUG_INFO = NO;
				MTL_FAST_MATH = YES;
				SDKROOT = iphoneos;
				SWIFT_COMPILATION_MODE = wholemodule;
				SWIFT_OPTIMIZATION_LEVEL = "-O";
				VALIDATE_PRODUCT = YES;
			};
			name = Release;
		};
		12CC4FB82917CD5400492D10 /* Debug */ = {
			isa = XCBuildConfiguration;
			buildSettings = {
				ASSETCATALOG_COMPILER_APPICON_NAME = AppIcon;
				ASSETCATALOG_COMPILER_GLOBAL_ACCENT_COLOR_NAME = AccentColor;
				CODE_SIGN_STYLE = Automatic;
				CURRENT_PROJECT_VERSION = 1;
				DEVELOPMENT_ASSET_PATHS = "\"TestTaskMax/Preview Content\"";
				DEVELOPMENT_TEAM = X898K49UV8;
				ENABLE_PREVIEWS = YES;
				GENERATE_INFOPLIST_FILE = YES;
				INFOPLIST_KEY_UIApplicationSceneManifest_Generation = YES;
				INFOPLIST_KEY_UIApplicationSupportsIndirectInputEvents = YES;
				INFOPLIST_KEY_UILaunchScreen_Generation = YES;
				INFOPLIST_KEY_UISupportedInterfaceOrientations_iPad = "UIInterfaceOrientationPortrait UIInterfaceOrientationPortraitUpsideDown UIInterfaceOrientationLandscapeLeft UIInterfaceOrientationLandscapeRight";
				INFOPLIST_KEY_UISupportedInterfaceOrientations_iPhone = "UIInterfaceOrientationPortrait UIInterfaceOrientationLandscapeLeft UIInterfaceOrientationLandscapeRight";
				LD_RUNPATH_SEARCH_PATHS = (
					"$(inherited)",
					"@executable_path/Frameworks",
				);
				MARKETING_VERSION = 1.0;
				PRODUCT_BUNDLE_IDENTIFIER = com.monas.TestTaskMax;
				PRODUCT_NAME = "$(TARGET_NAME)";
				SWIFT_EMIT_LOC_STRINGS = YES;
				SWIFT_VERSION = 5.0;
				TARGETED_DEVICE_FAMILY = "1,2";
			};
			name = Debug;
		};
		12CC4FB92917CD5400492D10 /* Release */ = {
			isa = XCBuildConfiguration;
			buildSettings = {
				ASSETCATALOG_COMPILER_APPICON_NAME = AppIcon;
				ASSETCATALOG_COMPILER_GLOBAL_ACCENT_COLOR_NAME = AccentColor;
				CODE_SIGN_STYLE = Automatic;
				CURRENT_PROJECT_VERSION = 1;
				DEVELOPMENT_ASSET_PATHS = "\"TestTaskMax/Preview Content\"";
				DEVELOPMENT_TEAM = X898K49UV8;
				ENABLE_PREVIEWS = YES;
				GENERATE_INFOPLIST_FILE = YES;
				INFOPLIST_KEY_UIApplicationSceneManifest_Generation = YES;
				INFOPLIST_KEY_UIApplicationSupportsIndirectInputEvents = YES;
				INFOPLIST_KEY_UILaunchScreen_Generation = YES;
				INFOPLIST_KEY_UISupportedInterfaceOrientations_iPad = "UIInterfaceOrientationPortrait UIInterfaceOrientationPortraitUpsideDown UIInterfaceOrientationLandscapeLeft UIInterfaceOrientationLandscapeRight";
				INFOPLIST_KEY_UISupportedInterfaceOrientations_iPhone = "UIInterfaceOrientationPortrait UIInterfaceOrientationLandscapeLeft UIInterfaceOrientationLandscapeRight";
				LD_RUNPATH_SEARCH_PATHS = (
					"$(inherited)",
					"@executable_path/Frameworks",
				);
				MARKETING_VERSION = 1.0;
				PRODUCT_BUNDLE_IDENTIFIER = com.monas.TestTaskMax;
				PRODUCT_NAME = "$(TARGET_NAME)";
				SWIFT_EMIT_LOC_STRINGS = YES;
				SWIFT_VERSION = 5.0;
				TARGETED_DEVICE_FAMILY = "1,2";
			};
			name = Release;
		};
		12CC4FBB2917CD5400492D10 /* Debug */ = {
			isa = XCBuildConfiguration;
			buildSettings = {
				ALWAYS_EMBED_SWIFT_STANDARD_LIBRARIES = YES;
				BUNDLE_LOADER = "$(TEST_HOST)";
				CODE_SIGN_STYLE = Automatic;
				CURRENT_PROJECT_VERSION = 1;
				DEVELOPMENT_TEAM = X898K49UV8;
				GENERATE_INFOPLIST_FILE = YES;
				IPHONEOS_DEPLOYMENT_TARGET = 15.0;
				LD_RUNPATH_SEARCH_PATHS = (
					"$(inherited)",
					"@executable_path/Frameworks",
					"@loader_path/Frameworks",
				);
				MARKETING_VERSION = 1.0;
				PRODUCT_BUNDLE_IDENTIFIER = com.monas.TestTaskMaxTests;
				PRODUCT_NAME = "$(TARGET_NAME)";
				SWIFT_EMIT_LOC_STRINGS = NO;
				SWIFT_VERSION = 5.0;
				TARGETED_DEVICE_FAMILY = "1,2";
				TEST_HOST = "$(BUILT_PRODUCTS_DIR)/TestTaskMax.app/TestTaskMax";
			};
			name = Debug;
		};
		12CC4FBC2917CD5400492D10 /* Release */ = {
			isa = XCBuildConfiguration;
			buildSettings = {
				ALWAYS_EMBED_SWIFT_STANDARD_LIBRARIES = YES;
				BUNDLE_LOADER = "$(TEST_HOST)";
				CODE_SIGN_STYLE = Automatic;
				CURRENT_PROJECT_VERSION = 1;
				DEVELOPMENT_TEAM = X898K49UV8;
				GENERATE_INFOPLIST_FILE = YES;
				IPHONEOS_DEPLOYMENT_TARGET = 15.0;
				LD_RUNPATH_SEARCH_PATHS = (
					"$(inherited)",
					"@executable_path/Frameworks",
					"@loader_path/Frameworks",
				);
				MARKETING_VERSION = 1.0;
				PRODUCT_BUNDLE_IDENTIFIER = com.monas.TestTaskMaxTests;
				PRODUCT_NAME = "$(TARGET_NAME)";
				SWIFT_EMIT_LOC_STRINGS = NO;
				SWIFT_VERSION = 5.0;
				TARGETED_DEVICE_FAMILY = "1,2";
				TEST_HOST = "$(BUILT_PRODUCTS_DIR)/TestTaskMax.app/TestTaskMax";
			};
			name = Release;
		};
		12CC4FBE2917CD5400492D10 /* Debug */ = {
			isa = XCBuildConfiguration;
			buildSettings = {
				ALWAYS_EMBED_SWIFT_STANDARD_LIBRARIES = YES;
				CODE_SIGN_STYLE = Automatic;
				CURRENT_PROJECT_VERSION = 1;
				DEVELOPMENT_TEAM = X898K49UV8;
				GENERATE_INFOPLIST_FILE = YES;
				LD_RUNPATH_SEARCH_PATHS = (
					"$(inherited)",
					"@executable_path/Frameworks",
					"@loader_path/Frameworks",
				);
				MARKETING_VERSION = 1.0;
				PRODUCT_BUNDLE_IDENTIFIER = com.monas.TestTaskMaxUITests;
				PRODUCT_NAME = "$(TARGET_NAME)";
				SWIFT_EMIT_LOC_STRINGS = NO;
				SWIFT_VERSION = 5.0;
				TARGETED_DEVICE_FAMILY = "1,2";
				TEST_TARGET_NAME = TestTaskMax;
			};
			name = Debug;
		};
		12CC4FBF2917CD5400492D10 /* Release */ = {
			isa = XCBuildConfiguration;
			buildSettings = {
				ALWAYS_EMBED_SWIFT_STANDARD_LIBRARIES = YES;
				CODE_SIGN_STYLE = Automatic;
				CURRENT_PROJECT_VERSION = 1;
				DEVELOPMENT_TEAM = X898K49UV8;
				GENERATE_INFOPLIST_FILE = YES;
				LD_RUNPATH_SEARCH_PATHS = (
					"$(inherited)",
					"@executable_path/Frameworks",
					"@loader_path/Frameworks",
				);
				MARKETING_VERSION = 1.0;
				PRODUCT_BUNDLE_IDENTIFIER = com.monas.TestTaskMaxUITests;
				PRODUCT_NAME = "$(TARGET_NAME)";
				SWIFT_EMIT_LOC_STRINGS = NO;
				SWIFT_VERSION = 5.0;
				TARGETED_DEVICE_FAMILY = "1,2";
				TEST_TARGET_NAME = TestTaskMax;
			};
			name = Release;
		};
/* End XCBuildConfiguration section */

/* Begin XCConfigurationList section */
		12CC4F8E2917CD5200492D10 /* Build configuration list for PBXProject "TestTaskMax" */ = {
			isa = XCConfigurationList;
			buildConfigurations = (
				12CC4FB52917CD5400492D10 /* Debug */,
				12CC4FB62917CD5400492D10 /* Release */,
			);
			defaultConfigurationIsVisible = 0;
			defaultConfigurationName = Release;
		};
		12CC4FB72917CD5400492D10 /* Build configuration list for PBXNativeTarget "TestTaskMax" */ = {
			isa = XCConfigurationList;
			buildConfigurations = (
				12CC4FB82917CD5400492D10 /* Debug */,
				12CC4FB92917CD5400492D10 /* Release */,
			);
			defaultConfigurationIsVisible = 0;
			defaultConfigurationName = Release;
		};
		12CC4FBA2917CD5400492D10 /* Build configuration list for PBXNativeTarget "TestTaskMaxTests" */ = {
			isa = XCConfigurationList;
			buildConfigurations = (
				12CC4FBB2917CD5400492D10 /* Debug */,
				12CC4FBC2917CD5400492D10 /* Release */,
			);
			defaultConfigurationIsVisible = 0;
			defaultConfigurationName = Release;
		};
		12CC4FBD2917CD5400492D10 /* Build configuration list for PBXNativeTarget "TestTaskMaxUITests" */ = {
			isa = XCConfigurationList;
			buildConfigurations = (
				12CC4FBE2917CD5400492D10 /* Debug */,
				12CC4FBF2917CD5400492D10 /* Release */,
			);
			defaultConfigurationIsVisible = 0;
			defaultConfigurationName = Release;
		};
/* End XCConfigurationList section */
	};
	rootObject = 12CC4F8B2917CD5200492D10 /* Project object */;
}
